
Microsoft Visual Studio Solution File, Format Version 12.00
Project("{FAE04EC0-301F-11D3-BF4B-00C04F79EFBC}") = "Hello World", "Hello World\Hello World.csproj", "{BDADAB3E-215E-4EBB-9294-E31CBF8D2475}"
EndProject
Project("{2150E333-8FDC-42A3-9474-1A3956D46DE8}") = "Task1. Hello World", "Task1. Hello World", "{41CCCC87-08AC-4E99-8710-1EFE1C4AB5B9}"
EndProject
Global
	GlobalSection(SolutionConfigurationPlatforms) = preSolution
		Debug|Any CPU = Debug|Any CPU
		Release|Any CPU = Release|Any CPU
	EndGlobalSection
	GlobalSection(ProjectConfigurationPlatforms) = postSolution
		{BDADAB3E-215E-4EBB-9294-E31CBF8D2475}.Debug|Any CPU.ActiveCfg = Debug|Any CPU
		{BDADAB3E-215E-4EBB-9294-E31CBF8D2475}.Debug|Any CPU.Build.0 = Debug|Any CPU
		{BDADAB3E-215E-4EBB-9294-E31CBF8D2475}.Release|Any CPU.ActiveCfg = Release|Any CPU
		{BDADAB3E-215E-4EBB-9294-E31CBF8D2475}.Release|Any CPU.Build.0 = Release|Any CPU
	EndGlobalSection
EndGlobal
